# This file was autogenerated by Stack.
# You should not edit this file by hand.
# For more information, please see the documentation at:
#   https://docs.haskellstack.org/en/stable/lock_files

packages:
- completed:
    hackage: isocline-1.0.9@sha256:0127f3051694b0c55fad87debdfa590fe4184faebe1e0fe1e552c9bebfba2bc6,2419
    pantry-tree:
      size: 2061
      sha256: 6516783ba24687efeeebb2c32efc9138bb0d8c4d3faa42c69770805cb121959b
  original:
    hackage: isocline-1.0.9
- completed:
    hackage: text-1.2.5.0@sha256:791f0f6c97ed96113f17ab520cf0efe1a3a4f883a8c85910a5660567c8241c40,7895
    pantry-tree:
      size: 7395
      sha256: f41504ec5c04a3f3358ef104362f02fdef29cbce4e5e4e6dbd6b6db70c40d4bf
  original:
    hackage: text-1.2.5.0
- completed:
    hackage: ansi-terminal-0.11.3@sha256:cc499d5f4c09a7213cd752ee69dbb5a5b8f3d1c777274e609eea4bca5c68ac8c,3321
    pantry-tree:
      size: 1461
      sha256: 71d732f3f95c8ddcebaa7645ff743dd91e680b5b5063e8707ef53d2eaf94c94e
  original:
    hackage: ansi-terminal-0.11.3
- completed:
    hackage: colour-2.3.6@sha256:ebdcbf15023958838a527e381ab3c3b1e99ed12d1b25efeb7feaa4ad8c37664a,2378
    pantry-tree:
      size: 1183
      sha256: 03f8e22f364deb86098dbfbe0bf83c896437b2355f139abdac0402658fb6ac7e
  original:
    hackage: colour-2.3.6
snapshots: []
